{
    "_meta": {
        "hash": {
            "sha256": "e2da962637d4b687ea0436f65e0be6c24573a1bf6473daf242f697322f44da63"
        },
        "pipfile-spec": 6,
        "requires": {
            "python_full_version": "3.7.2"
        },
        "sources": [
            {
                "name": "pypi",
                "url": "https://pypi.org/simple",
                "verify_ssl": true
            }
        ]
    },
    "default": {
        "altgraph": {
            "hashes": [
                "sha256:d6814989f242b2b43025cba7161fc1b8fb487a62cd49c49245d6fd01c18ac997",
                "sha256:ddf5320017147ba7b810198e0b6619bd7b5563aa034da388cea8546b877f9b0c"
            ],
            "version": "==0.16.1"
        },
        "certifi": {
            "hashes": [
                "sha256:47f9c83ef4c0c621eaef743f133f09fa8a74a9b75f037e8624f83bd1b6626cb7",
                "sha256:993f830721089fef441cdfeb4b2c8c9df86f0c63239f06bd025a76a7daddb033"
            ],
            "version": "==2018.11.29"
        },
        "chardet": {
            "hashes": [
                "sha256:84ab92ed1c4d4f16916e05906b6b75a6c0fb5db821cc65e70cbd64a3e2a5eaae",
                "sha256:fc323ffcaeaed0e0a02bf4d117757b98aed530d9ed4531e3e15460124c106691"
            ],
            "version": "==3.0.4"
        },
        "click": {
            "hashes": [
                "sha256:2335065e6395b9e67ca716de5f7526736bfa6ceead690adf616d925bdc622b13",
                "sha256:5b94b49521f6456670fdb30cd82a4eca9412788a93fa6dd6df72c94d5a8ff2d7"
            ],
            "version": "==7.0"
        },
        "dataclasses": {
            "hashes": [
                "sha256:454a69d788c7fda44efd71e259be79577822f5e3f53f029a22d08004e951dc9f",
                "sha256:6988bd2b895eef432d562370bb707d540f32f7360ab13da45340101bc2307d84"
            ],
            "index": "pypi",
            "version": "==0.6"
        },
        "entrypoints": {
            "hashes": [
                "sha256:589f874b313739ad35be6e0cd7efde2a4e9b6fea91edcc34e58ecbb8dbe56d19",
                "sha256:c70dd71abe5a8c85e55e12c19bd91ccfeec11a6e99044204511f9ed547d48451"
            ],
            "version": "==0.3"
        },
        "flask": {
            "hashes": [
                "sha256:2271c0070dbcb5275fad4a82e29f23ab92682dc45f9dfbc22c02ba9b9322ce48",
                "sha256:a080b744b7e345ccfcbc77954861cb05b3c63786e93f2b3875e0913d44b43f05"
            ],
            "index": "pypi",
            "version": "==1.0.2"
        },
        "flask-admin": {
            "hashes": [
                "sha256:ca0be6ec11a6913b73f656c65c444ae5be416c57c75638dd3199376ce6bc7422"
            ],
            "index": "pypi",
            "version": "==1.5.3"
        },
        "flask-caching": {
            "hashes": [
                "sha256:44fe827c6cc519d48fb0945fa05ae3d128af9a98f2a6e71d4702fd512534f227",
                "sha256:e34f24631ba240e09fe6241e1bf652863e0cff06a1a94598e23be526bc2e4985"
            ],
            "index": "pypi",
            "version": "==1.4.0"
        },
        "flask-qrcode": {
            "hashes": [
                "sha256:60ffefa932d4bddedd78d7911b0869b21f955e28bdea36b8409f697a8d86eda6"
            ],
            "index": "pypi",
            "version": "==2.0.2"
        },
        "flask-wtf": {
            "hashes": [
                "sha256:5d14d55cfd35f613d99ee7cba0fc3fbbe63ba02f544d349158c14ca15561cc36",
                "sha256:d9a9e366b32dcbb98ef17228e76be15702cd2600675668bca23f63a7947fd5ac"
            ],
            "index": "pypi",
            "version": "==0.14.2"
        },
        "frozen-flask": {
            "hashes": [
                "sha256:0a7a71334210ce84f8cbd1dc23c8b265d3e21748805c09c77d0e6fbcc4faab14",
                "sha256:83858d6ed8b9d3fa7fc9523e415e65fb86b99352798d7695f63cffbd59a56269"
            ],
            "index": "pypi",
            "version": "==0.15"
        },
        "future": {
            "hashes": [
                "sha256:67045236dcfd6816dc439556d009594abf643e5eb48992e36beac09c2ca659b8"
            ],
            "version": "==0.17.1"
        },
        "googleapis-common-protos": {
            "hashes": [
                "sha256:6de6de98e895f4266caefa768778533bdea98abbead6972d35c8a0f57409eea2"
            ],
            "index": "pypi",
            "version": "==1.5.6"
        },
        "grpcio": {
            "hashes": [
                "sha256:0134bab8e8d16b195547f9216517b3abcd3e4b6b1f5a1c8940099888003287ac",
                "sha256:084d4a5f34a671bd0ec4668d3a7a3351015de81e6d4aef6710d9dab026def8cc",
                "sha256:1ab29724526d8651c8b878257775e17cf3fba7474c01edc76ff8bcfecf570f91",
                "sha256:1bd017ca22a126af0d7d67b4140b427ae58fd6d79dbd277e6f21be3ee0fdfef7",
                "sha256:25e7b619973e20d8f2cf05d6af0f2e11263a8792b99c058a5b590ef7aef554b8",
                "sha256:2e836e6092e6639cc9edb486f27c6fe078408aac54ed345c5762edcf8588d9c2",
                "sha256:34870eb5d157fe9639f263f0bfe0bcdc1737a6c08181ce113585f6461f37c84b",
                "sha256:424c8f0748935932d28531ce6d817a11914dfb385b86fe815297f122cd04d592",
                "sha256:43c42570f769748982c61a249e01eec5f91149e2aa98438c893de64e649d562b",
                "sha256:4f845d13ecff25012fc9c7f22067fca1d2b3da3f693da146ddcc587fdab3e7b4",
                "sha256:614de7d6672eb023c08dde70b103efa9faacf86ac63b2a24f8d74b064a86f6f0",
                "sha256:6c5956292692f385bb12b5f47afd70ae9469d2ee07a949c94aef2946020c1300",
                "sha256:7030674682433a5cbc069cd5a5fbcdf193c8a3680dc161cd7b984f72ab609f23",
                "sha256:77fff21bee2d3c3487891cdb69b35190deddac609e48c05262e1097f0b2cd82a",
                "sha256:8ac64f3e17e6a13abf9628f0ba22012c948d7ab400592510fed3c62444bdcc0d",
                "sha256:8fdfa8129e1ab2cdf053956dd07b21ccc127c8a8f0c5b83ff60987c009ddb636",
                "sha256:8ff4935abf61206479dd42c56aba0f6c395aebb5c42b29b1f7c2faae41ad979c",
                "sha256:9af47d0f4137a2951b73ee592bdc5690b242cfe81cdfacba1b34becbf72a0d59",
                "sha256:9da5b3c883621afca008d2c5729ddd7f06153f5dcaae1f690bead9b9018a3594",
                "sha256:abe825aa49e6239d5edf4e222c44170d2c7f6f4b1fd5286b4756a62d8067e112",
                "sha256:c8330efa27af2b65aa556a66517ba6657a13e259670ad32dec1b6ff3d6616c3c",
                "sha256:dc3d09abe7b49e84516b53920320d0f0d05587f6398431e50d6a47bd7d27a8b6",
                "sha256:deb08edefef880609f8bd2945764f31d577785ff3f2daea7027b67432ff12f74",
                "sha256:e019c86f55cdcd2bbc239beab14167f2e03ee92407c7c42ddf42edf6f5640cce",
                "sha256:eb0d154c4749458353fbb5a55b39de7aa8445617c20d200729f924be125c56d0",
                "sha256:eed5edb8f2620ad1157c8c5786809fb0a2d885969287a758752ce514274e3be0",
                "sha256:f7a9fc2dfbbc0e838c79f908262638fb86ab326b0fbc0ea2c3dd063b3561e9e2",
                "sha256:f9df2e626f1a8d8114a9dc05a489bdf26a8e926fbbe43112669700f25fe0abb3"
            ],
            "index": "pypi",
            "version": "==1.18.0"
        },
        "grpcio-tools": {
            "hashes": [
                "sha256:08dbae8d41c4903d4d625bd44c40de3e663a4399c2ae6db6a688dc0c232a46ae",
                "sha256:197a8917f3ec7742e91da9a42c222699365d6d92af5a6ecf60eef83ff02d1081",
                "sha256:2017bf813004eb7b06af9b553e86fda27ee70535032985a3a8a615754728fd91",
                "sha256:224000c30930031348678deaaca65ba967f30c61ad63ae93c4282b1a03b3aca3",
                "sha256:29fed6b3a79e7a7882bd3a8f93ff746a48795d22b2e6c53bf360914719d8eb4c",
                "sha256:383b98b1eed14fbb9d0ff7aec25208b6a5f50840a1318ba1396862305d385bc5",
                "sha256:3db95890e6e974f1de3ebaf23140b80870a3d2a79a24c5fb2092e727d712508f",
                "sha256:49b9a3fae85c655391e1c243ae02dbf983f3e7bd100aa39c4ea9f85a7896e97b",
                "sha256:4b977494d797d1452a1a25071dd8f8c66b5d9bcfc21550857c5b9924bcc3809f",
                "sha256:4c98fdb9d4522faa0038b2aa56cb04cb82e2986f87f387f74b3bdd7ed8c53142",
                "sha256:4e90efee227f442195be3eb72cc535589b9172b504785fd652080fc01da9cd3e",
                "sha256:4f57df357cc65ca959cfe7ea0b2689531bacf0049a2fa739fbc507ae807af189",
                "sha256:5ce56f86f3bd501b2073ef68397bbdb52302bff526faabffdf14bc201529f9d5",
                "sha256:698ec1284d77f4b6c239d7fc023cb1f4589705ca1d1284d0e3d82d0f8d394e2b",
                "sha256:77585385445ed060945ec0aee700d3cbd7caf7930fdf782df484cafeed724c3e",
                "sha256:77ec4d3c92ccbbe3de37c457e3c72962e519c36cafb96abe5842bced8eb926fa",
                "sha256:863bd245f30fd85f470b221f2abdcb2397508ef3d2688f22cd93e5636522429e",
                "sha256:8e273df9beb6dce0d202cf71dc8aecbb500be267f353e9ff75235dc1000f549b",
                "sha256:a901ebe62219680716346221f6aaddced90b4979576226feb977f152329550fd",
                "sha256:aeafdb0439750235d9d8817116b716e7ee981cdde08afcdc899c7968edf12d96",
                "sha256:b2b62294bab5c643faef45f8cbd7d69035d580a75f47978dcbf6d9d8e61dbce9",
                "sha256:c3896c95fe99716f40a9725068adbc55c615bc481c944dab2aeffaecb07c4dcc",
                "sha256:c41caed1baec6d3f07981fce180879a5d268731f27e3d2b821dbff2b701a1a09",
                "sha256:c686ceb2ac06bc9ddff59bb6744b13df5af55b9296040b7bc9240c43134258c1",
                "sha256:cdbd6f8499ce245cb265e66285906f9e26a01433568269fc8731e21174d7a20b",
                "sha256:d8b07f31e679496bffb9bb0076bd9b9ae1350731a6bbe45334132dee29fdfe33",
                "sha256:e36afe71b6855a0b9874177b4e828a37097b0d955ff0af75ccb70d51fafb8dc8",
                "sha256:fe98e77d618a9a8f95f6bf02cd6fa3af29e69c87ad5081d24ac5be6421f28840"
            ],
            "index": "pypi",
            "version": "==1.18.0"
        },
        "idna": {
            "hashes": [
                "sha256:c357b3f628cf53ae2c4c05627ecc484553142ca23264e593d327bcde5e9c3407",
                "sha256:ea8b7f6188e6fa117537c3df7da9fc686d485087abf6ac197f9c46432f7e4a3c"
            ],
            "version": "==2.8"
        },
        "itsdangerous": {
            "hashes": [
                "sha256:321b033d07f2a4136d3ec762eac9f16a10ccd60f53c0c91af90217ace7ba1f19",
                "sha256:b12271b2047cb23eeb98c8b5622e2e5c5e9abd9784a153e9d8ef9cb4dd09d749"
            ],
            "version": "==1.1.0"
        },
        "jinja2": {
            "hashes": [
                "sha256:74c935a1b8bb9a3947c50a54766a969d4846290e1e788ea44c1392163723c3bd",
                "sha256:f84be1bb0040caca4cea721fcbbbbd61f9be9464ca236387158b0feea01914a4"
            ],
            "index": "pypi",
            "version": "==2.10"
        },
        "keyring": {
            "hashes": [
                "sha256:8f683fa6c8886da58b28c7d8e3819b1a4bf193741888e33a6e00944b673a22cf",
                "sha256:d71368b9a10dc096c8a1b69a46fc23f0a551f709b9a55b4d4deb7d2fbd809b68"
            ],
            "index": "pypi",
            "version": "==17.1.1"
        },
        "macholib": {
            "hashes": [
                "sha256:ac02d29898cf66f27510d8f39e9112ae00590adb4a48ec57b25028d6962b1ae1",
                "sha256:c4180ffc6f909bf8db6cd81cff4b6f601d575568f4d5dee148c830e9851eb9db"
            ],
            "version": "==1.11"
        },
        "markupsafe": {
            "hashes": [
                "sha256:048ef924c1623740e70204aa7143ec592504045ae4429b59c30054cb31e3c432",
                "sha256:130f844e7f5bdd8e9f3f42e7102ef1d49b2e6fdf0d7526df3f87281a532d8c8b",
                "sha256:19f637c2ac5ae9da8bfd98cef74d64b7e1bb8a63038a3505cd182c3fac5eb4d9",
                "sha256:1b8a7a87ad1b92bd887568ce54b23565f3fd7018c4180136e1cf412b405a47af",
                "sha256:1c25694ca680b6919de53a4bb3bdd0602beafc63ff001fea2f2fc16ec3a11834",
                "sha256:1f19ef5d3908110e1e891deefb5586aae1b49a7440db952454b4e281b41620cd",
                "sha256:1fa6058938190ebe8290e5cae6c351e14e7bb44505c4a7624555ce57fbbeba0d",
                "sha256:31cbb1359e8c25f9f48e156e59e2eaad51cd5242c05ed18a8de6dbe85184e4b7",
                "sha256:3e835d8841ae7863f64e40e19477f7eb398674da6a47f09871673742531e6f4b",
                "sha256:4e97332c9ce444b0c2c38dd22ddc61c743eb208d916e4265a2a3b575bdccb1d3",
                "sha256:525396ee324ee2da82919f2ee9c9e73b012f23e7640131dd1b53a90206a0f09c",
                "sha256:52b07fbc32032c21ad4ab060fec137b76eb804c4b9a1c7c7dc562549306afad2",
                "sha256:52ccb45e77a1085ec5461cde794e1aa037df79f473cbc69b974e73940655c8d7",
                "sha256:5c3fbebd7de20ce93103cb3183b47671f2885307df4a17a0ad56a1dd51273d36",
                "sha256:5e5851969aea17660e55f6a3be00037a25b96a9b44d2083651812c99d53b14d1",
                "sha256:5edfa27b2d3eefa2210fb2f5d539fbed81722b49f083b2c6566455eb7422fd7e",
                "sha256:7d263e5770efddf465a9e31b78362d84d015cc894ca2c131901a4445eaa61ee1",
                "sha256:83381342bfc22b3c8c06f2dd93a505413888694302de25add756254beee8449c",
                "sha256:857eebb2c1dc60e4219ec8e98dfa19553dae33608237e107db9c6078b1167856",
                "sha256:98e439297f78fca3a6169fd330fbe88d78b3bb72f967ad9961bcac0d7fdd1550",
                "sha256:bf54103892a83c64db58125b3f2a43df6d2cb2d28889f14c78519394feb41492",
                "sha256:d9ac82be533394d341b41d78aca7ed0e0f4ba5a2231602e2f05aa87f25c51672",
                "sha256:e982fe07ede9fada6ff6705af70514a52beb1b2c3d25d4e873e82114cf3c5401",
                "sha256:edce2ea7f3dfc981c4ddc97add8a61381d9642dc3273737e756517cc03e84dd6",
                "sha256:efdc45ef1afc238db84cb4963aa689c0408912a0239b0721cb172b4016eb31d6",
                "sha256:f137c02498f8b935892d5c0172560d7ab54bc45039de8805075e19079c639a9c",
                "sha256:f82e347a72f955b7017a39708a3667f106e6ad4d10b25f237396a7115d8ed5fd",
                "sha256:fb7c206e01ad85ce57feeaaa0bf784b97fa3cad0d4a5737bc5295785f5c613a1"
            ],
            "version": "==1.1.0"
        },
        "pefile": {
            "hashes": [
                "sha256:4c5b7e2de0c8cb6c504592167acf83115cbbde01fe4a507c16a1422850e86cd6"
            ],
            "version": "==2018.8.8"
        },
        "pillow": {
            "hashes": [
                "sha256:051de330a06c99d6f84bcf582960487835bcae3fc99365185dc2d4f65a390c0e",
                "sha256:0ae5289948c5e0a16574750021bd8be921c27d4e3527800dc9c2c1d2abc81bf7",
                "sha256:0b1efce03619cdbf8bcc61cfae81fcda59249a469f31c6735ea59badd4a6f58a",
                "sha256:163136e09bd1d6c6c6026b0a662976e86c58b932b964f255ff384ecc8c3cefa3",
                "sha256:18e912a6ccddf28defa196bd2021fe33600cbe5da1aa2f2e2c6df15f720b73d1",
                "sha256:24ec3dea52339a610d34401d2d53d0fb3c7fd08e34b20c95d2ad3973193591f1",
                "sha256:267f8e4c0a1d7e36e97c6a604f5b03ef58e2b81c1becb4fccecddcb37e063cc7",
                "sha256:3273a28734175feebbe4d0a4cde04d4ed20f620b9b506d26f44379d3c72304e1",
                "sha256:4c678e23006798fc8b6f4cef2eaad267d53ff4c1779bd1af8725cc11b72a63f3",
                "sha256:4d4bc2e6bb6861103ea4655d6b6f67af8e5336e7216e20fff3e18ffa95d7a055",
                "sha256:505738076350a337c1740a31646e1de09a164c62c07db3b996abdc0f9d2e50cf",
                "sha256:5233664eadfa342c639b9b9977190d64ad7aca4edc51a966394d7e08e7f38a9f",
                "sha256:5d95cb9f6cced2628f3e4de7e795e98b2659dfcc7176ab4a01a8b48c2c2f488f",
                "sha256:7eda4c737637af74bac4b23aa82ea6fbb19002552be85f0b89bc27e3a762d239",
                "sha256:801ddaa69659b36abf4694fed5aa9f61d1ecf2daaa6c92541bbbbb775d97b9fe",
                "sha256:825aa6d222ce2c2b90d34a0ea31914e141a85edefc07e17342f1d2fdf121c07c",
                "sha256:9c215442ff8249d41ff58700e91ef61d74f47dfd431a50253e1a1ca9436b0697",
                "sha256:a3d90022f2202bbb14da991f26ca7a30b7e4c62bf0f8bf9825603b22d7e87494",
                "sha256:a631fd36a9823638fe700d9225f9698fb59d049c942d322d4c09544dc2115356",
                "sha256:a6523a23a205be0fe664b6b8747a5c86d55da960d9586db039eec9f5c269c0e6",
                "sha256:a756ecf9f4b9b3ed49a680a649af45a8767ad038de39e6c030919c2f443eb000",
                "sha256:b117287a5bdc81f1bac891187275ec7e829e961b8032c9e5ff38b70fd036c78f",
                "sha256:ba04f57d1715ca5ff74bb7f8a818bf929a204b3b3c2c2826d1e1cc3b1c13398c",
                "sha256:cd878195166723f30865e05d87cbaf9421614501a4bd48792c5ed28f90fd36ca",
                "sha256:cee815cc62d136e96cf76771b9d3eb58e0777ec18ea50de5cfcede8a7c429aa8",
                "sha256:d1722b7aa4b40cf93ac3c80d3edd48bf93b9208241d166a14ad8e7a20ee1d4f3",
                "sha256:d7c1c06246b05529f9984435fc4fa5a545ea26606e7f450bdbe00c153f5aeaad",
                "sha256:e9c8066249c040efdda84793a2a669076f92a301ceabe69202446abb4c5c5ef9",
                "sha256:f227d7e574d050ff3996049e086e1f18c7bd2d067ef24131e50a1d3fe5831fbc",
                "sha256:fc9a12aad714af36cf3ad0275a96a733526571e52710319855628f476dcb144e"
            ],
            "index": "pypi",
            "version": "==5.4.1"
        },
        "protobuf": {
            "hashes": [
                "sha256:10394a4d03af7060fa8a6e1cbf38cea44be1467053b0aea5bbfcb4b13c4b88c4",
                "sha256:1489b376b0f364bcc6f89519718c057eb191d7ad6f1b395ffd93d1aa45587811",
                "sha256:1931d8efce896981fe410c802fd66df14f9f429c32a72dd9cfeeac9815ec6444",
                "sha256:196d3a80f93c537f27d2a19a4fafb826fb4c331b0b99110f985119391d170f96",
                "sha256:46e34fdcc2b1f2620172d3a4885128705a4e658b9b62355ae5e98f9ea19f42c2",
                "sha256:4b92e235a3afd42e7493b281c8b80c0c65cbef45de30f43d571d1ee40a1f77ef",
                "sha256:574085a33ca0d2c67433e5f3e9a0965c487410d6cb3406c83bdaf549bfc2992e",
                "sha256:59cd75ded98094d3cf2d79e84cdb38a46e33e7441b2826f3838dcc7c07f82995",
                "sha256:5ee0522eed6680bb5bac5b6d738f7b0923b3cafce8c4b1a039a6107f0841d7ed",
                "sha256:65917cfd5da9dfc993d5684643063318a2e875f798047911a9dd71ca066641c9",
                "sha256:685bc4ec61a50f7360c9fd18e277b65db90105adbf9c79938bd315435e526b90",
                "sha256:92e8418976e52201364a3174e40dc31f5fd8c147186d72380cbda54e0464ee19",
                "sha256:9335f79d1940dfb9bcaf8ec881fb8ab47d7a2c721fb8b02949aab8bbf8b68625",
                "sha256:a7ee3bb6de78185e5411487bef8bc1c59ebd97e47713cba3c460ef44e99b3db9",
                "sha256:ceec283da2323e2431c49de58f80e1718986b79be59c266bb0509cbf90ca5b9e",
                "sha256:fcfc907746ec22716f05ea96b7f41597dfe1a1c088f861efb8a0d4f4196a6f10"
            ],
            "index": "pypi",
            "version": "==3.6.1"
        },
        "psutil": {
            "hashes": [
                "sha256:1c19957883e0b93d081d41687089ad630e370e26dc49fd9df6951d6c891c4736",
                "sha256:1c71b9716790e202a00ab0931a6d1e25db1aa1198bcacaea2f5329f75d257fff",
                "sha256:3b7a4daf4223dae171a67a89314ac5ca0738e94064a78d99cfd751c55d05f315",
                "sha256:3e19be3441134445347af3767fa7770137d472a484070840eee6653b94ac5576",
                "sha256:6e265c8f3da00b015d24b842bfeb111f856b13d24f2c57036582568dc650d6c3",
                "sha256:809c9cef0402e3e48b5a1dddc390a8a6ff58b15362ea5714494073fa46c3d293",
                "sha256:b4d1b735bf5b120813f4c89db8ac22d89162c558cbd7fdd298866125fe906219",
                "sha256:bbffac64cfd01c6bcf90eb1bedc6c80501c4dae8aef4ad6d6dd49f8f05f6fc5a",
                "sha256:bfcea4f189177b2d2ce4a34b03c4ac32c5b4c22e21f5b093d9d315e6e253cd81"
            ],
            "index": "pypi",
            "version": "==5.4.8"
        },
        "pyinstaller": {
            "hashes": [
                "sha256:a5a6e04a66abfcf8761e89a2ebad937919c6be33a7b8963e1a961b55cb35986b"
            ],
            "index": "pypi",
            "version": "==3.4"
        },
        "pyside2": {
            "hashes": [
                "sha256:28c84514f4da903d00c59026c4d932b18ba5346b77959e5b23a36e68ed116e07",
                "sha256:6630b1580fce924b953c8a8bed2e18a74d52b82cc8850ffdb9265b3977ac1c3d",
                "sha256:764f610693829fa315eaea1e0316faf138f43b9501f7fa1826e99be344f84f25",
                "sha256:7f8064c9e443d9fa817e1d939c67c698d5039c5154d06df2bc5bea1ee08614ae",
                "sha256:aca1358217be52d003f1268c767a06ffe574a1715960ba6a10beda5c39acd34e",
                "sha256:e5fcd43289f43b0baaf2ff3629fea01e669b0f7e01264222ae963bda8e3e42f7"
            ],
            "index": "pypi",
            "version": "==5.12.0"
        },
        "qrcode": {
            "hashes": [
                "sha256:3996ee560fc39532910603704c82980ff6d4d5d629f9c3f25f34174ce8606cf5",
                "sha256:505253854f607f2abf4d16092c61d4e9d511a3b4392e60bff957a68592b04369"
            ],
            "index": "pypi",
            "version": "==6.1"
        },
        "requests": {
            "hashes": [
                "sha256:502a824f31acdacb3a35b6690b5fbf0bc41d63a24a45c4004352b0242707598e",
                "sha256:7bf2a778576d825600030a110f3c0e3e8edc51dfaafe1c146e39a2027784957b"
            ],
            "index": "pypi",
            "version": "==2.21.0"
        },
        "shiboken2": {
            "hashes": [
                "sha256:0a70a0b9960c1cea426dae1ed1082ac2d0ff2f7f46862aef190f0f5067fdaf93",
                "sha256:1985ebb922897bf6344e2f138a758d6190366a5426d9a45fb68465bcdebba4eb",
                "sha256:386939d8357d5d14338e7ab3f574060fb5044a4044f2cf718b6fbd23ce3887e1",
                "sha256:63ab17e3bf12351b26705c9dc9653d63d714d404fe2975b54cbb08846328e7e3",
                "sha256:9e5d248064eca947828e36d608d80922b1fe00445587ad42b3a532d8502a17fb",
                "sha256:a8a377fe251e4ba81ca33f2e227ac6afe1189512311c8823a133b212c12bc294"
            ],
            "version": "==5.12.0"
        },
        "six": {
            "hashes": [
                "sha256:3350809f0555b11f552448330d0b52d5f24c91a322ea4a15ef22629740f3761c",
                "sha256:d16a0141ec1a18405cd4ce8b4613101da75da0e9a7aec5bdd4fa804d0e0eba73"
            ],
            "version": "==1.12.0"
        },
        "urllib3": {
            "hashes": [
                "sha256:61bf29cada3fc2fbefad4fdf059ea4bd1b4a86d2b6d15e1c7c0b582b9752fe39",
                "sha256:de9529817c93f27c8ccbfead6985011db27bd0ddfcdb2d86f3f663385c6a9c22"
            ],
            "version": "==1.24.1"
        },
        "webassets": {
            "hashes": [
                "sha256:e7d9c8887343123fd5b32309b33167428cb1318cdda97ece12d0907fd69d38db"
            ],
            "index": "pypi",
            "version": "==0.12.1"
        },
        "werkzeug": {
            "hashes": [
                "sha256:c3fd7a7d41976d9f44db327260e263132466836cef6f91512889ed60ad26557c",
                "sha256:d5da73735293558eb1651ee2fddc4d0dedcfa06538b8813a2e20011583c9e49b"
            ],
            "version": "==0.14.1"
        },
        "wtforms": {
            "hashes": [
                "sha256:0cdbac3e7f6878086c334aa25dc5a33869a3954e9d1e015130d65a69309b3b61",
                "sha256:e3ee092c827582c50877cdbd49e9ce6d2c5c1f6561f849b3b068c1b8029626f1"
            ],
            "index": "pypi",
            "version": "==2.2.1"
        }
    },
    "develop": {
        "atomicwrites": {
            "hashes": [
                "sha256:0312ad34fcad8fac3704d441f7b317e50af620823353ec657a53e981f92920c0",
                "sha256:ec9ae8adaae229e4f8446952d204a3e4b5fdd2d099f9be3aaf556120135fb3ee"
            ],
            "version": "==1.2.1"
        },
        "attrs": {
            "hashes": [
                "sha256:10cbf6e27dbce8c30807caf056c8eb50917e0eaafe86347671b57254006c3e69",
                "sha256:ca4be454458f9dec299268d472aaa5a11f67a4ff70093396e1ceae9c76cf4bbb"
            ],
            "version": "==18.2.0"
        },
        "more-itertools": {
            "hashes": [
                "sha256:38a936c0a6d98a38bcc2d03fdaaedaba9f412879461dd2ceff8d37564d6522e4",
                "sha256:c0a5785b1109a6bd7fac76d6837fd1feca158e54e521ccd2ae8bfe393cc9d4fc",
                "sha256:fe7a7cae1ccb57d33952113ff4fa1bc5f879963600ed74918f1236e212ee50b9"
            ],
            "version": "==5.0.0"
        },
        "pluggy": {
            "hashes": [
                "sha256:8ddc32f03971bfdf900a81961a48ccf2fb677cf7715108f85295c67405798616",
                "sha256:980710797ff6a041e9a73a5787804f848996ecaa6f8a1b1e08224a5894f2074a"
            ],
            "version": "==0.8.1"
        },
        "py": {
            "hashes": [
                "sha256:bf92637198836372b520efcba9e020c330123be8ce527e535d185ed4b6f45694",
                "sha256:e76826342cefe3c3d5f7e8ee4316b80d1dd8a300781612ddbc765c17ba25a6c6"
            ],
            "version": "==1.7.0"
        },
        "pytest": {
            "hashes": [
                "sha256:41568ea7ecb4a68d7f63837cf65b92ce8d0105e43196ff2b26622995bb3dc4b2",
                "sha256:c3c573a29d7c9547fb90217ece8a8843aa0c1328a797e200290dc3d0b4b823be"
            ],
            "index": "pypi",
            "version": "==4.1.1"
        },
        "pytest-qt": {
            "hashes": [
                "sha256:05b9c913f373fee19c69d8f2951e5ae3f123d7c3350c88015c8320f484b0b516",
                "sha256:f6ecf4b38088ae1092cbd5beeaf714516d1f81f8938626a2eac546206cdfe7fa"
            ],
            "index": "pypi",
            "version": "==3.2.2"
        },
        "six": {
            "hashes": [
                "sha256:3350809f0555b11f552448330d0b52d5f24c91a322ea4a15ef22629740f3761c",
                "sha256:d16a0141ec1a18405cd4ce8b4613101da75da0e9a7aec5bdd4fa804d0e0eba73"
            ],
            "version": "==1.12.0"
        }
    }
}
